
Microsoft Visual Studio Solution File, Format Version 12.00
# Visual Studio Version 16
VisualStudioVersion = 16.0.29424.173
MinimumVisualStudioVersion = 10.0.40219.1
Project("{FAE04EC0-301F-11D3-BF4B-00C04F79EFBC}") = "ConnorSoundmachine", "ConnorSoundmachine\ConnorSoundmachine.csproj", "{89D0B7CF-BCFF-4D1F-8602-E18AFBF64E89}"
EndProject
Global
	GlobalSection(SolutionConfigurationPlatforms) = preSolution
		Debug|Any CPU = Debug|Any CPU
		Release|Any CPU = Release|Any CPU
	EndGlobalSection
	GlobalSection(ProjectConfigurationPlatforms) = postSolution
		{89D0B7CF-BCFF-4D1F-8602-E18AFBF64E89}.Debug|Any CPU.ActiveCfg = Debug|Any CPU
		{89D0B7CF-BCFF-4D1F-8602-E18AFBF64E89}.Debug|Any CPU.Build.0 = Debug|Any CPU
		{89D0B7CF-BCFF-4D1F-8602-E18AFBF64E89}.Release|Any CPU.ActiveCfg = Release|Any CPU
		{89D0B7CF-BCFF-4D1F-8602-E18AFBF64E89}.Release|Any CPU.Build.0 = Release|Any CPU
	EndGlobalSection
	GlobalSection(SolutionProperties) = preSolution
		HideSolutionNode = FALSE
	EndGlobalSection
	GlobalSection(ExtensibilityGlobals) = postSolution
		SolutionGuid = {F45A703A-94EF-431F-B59C-1E339492FBB4}
	EndGlobalSection
EndGlobal
