
Microsoft Visual Studio Solution File, Format Version 12.00
# Visual Studio 14
VisualStudioVersion = 14.0.25420.1
MinimumVisualStudioVersion = 10.0.40219.1
Project("{F184B08F-C81C-45F6-A57F-5ABD9991F28F}") = "TwitterServer1", "TwitterServer1\TwitterServer1.vbproj", "{667EDA97-E41E-435D-AED9-54CAA161385A}"
EndProject
Project("{FAE04EC0-301F-11D3-BF4B-00C04F79EFBC}") = "TwitterServerCsharp", "TwitterServerCSharp\TwitterServerCsharp\TwitterServerCsharp.csproj", "{91881141-78FF-4131-AB5B-A97A66173DDC}"
EndProject
Global
	GlobalSection(SolutionConfigurationPlatforms) = preSolution
		Debug|Any CPU = Debug|Any CPU
		Debug|ARM = Debug|ARM
		Debug|x64 = Debug|x64
		Debug|x86 = Debug|x86
		Release|Any CPU = Release|Any CPU
		Release|ARM = Release|ARM
		Release|x64 = Release|x64
		Release|x86 = Release|x86
	EndGlobalSection
	GlobalSection(ProjectConfigurationPlatforms) = postSolution
		{667EDA97-E41E-435D-AED9-54CAA161385A}.Debug|Any CPU.ActiveCfg = Debug|x86
		{667EDA97-E41E-435D-AED9-54CAA161385A}.Debug|ARM.ActiveCfg = Debug|x86
		{667EDA97-E41E-435D-AED9-54CAA161385A}.Debug|x64.ActiveCfg = Debug|x86
		{667EDA97-E41E-435D-AED9-54CAA161385A}.Debug|x86.ActiveCfg = Debug|x86
		{667EDA97-E41E-435D-AED9-54CAA161385A}.Debug|x86.Build.0 = Debug|x86
		{667EDA97-E41E-435D-AED9-54CAA161385A}.Release|Any CPU.ActiveCfg = Release|x86
		{667EDA97-E41E-435D-AED9-54CAA161385A}.Release|ARM.ActiveCfg = Release|x86
		{667EDA97-E41E-435D-AED9-54CAA161385A}.Release|x64.ActiveCfg = Release|x86
		{667EDA97-E41E-435D-AED9-54CAA161385A}.Release|x86.ActiveCfg = Release|x86
		{667EDA97-E41E-435D-AED9-54CAA161385A}.Release|x86.Build.0 = Release|x86
		{91881141-78FF-4131-AB5B-A97A66173DDC}.Debug|Any CPU.ActiveCfg = Debug|Any CPU
		{91881141-78FF-4131-AB5B-A97A66173DDC}.Debug|Any CPU.Build.0 = Debug|Any CPU
		{91881141-78FF-4131-AB5B-A97A66173DDC}.Debug|ARM.ActiveCfg = Debug|Any CPU
		{91881141-78FF-4131-AB5B-A97A66173DDC}.Debug|ARM.Build.0 = Debug|Any CPU
		{91881141-78FF-4131-AB5B-A97A66173DDC}.Debug|x64.ActiveCfg = Debug|Any CPU
		{91881141-78FF-4131-AB5B-A97A66173DDC}.Debug|x64.Build.0 = Debug|Any CPU
		{91881141-78FF-4131-AB5B-A97A66173DDC}.Debug|x86.ActiveCfg = Debug|Any CPU
		{91881141-78FF-4131-AB5B-A97A66173DDC}.Debug|x86.Build.0 = Debug|Any CPU
		{91881141-78FF-4131-AB5B-A97A66173DDC}.Release|Any CPU.ActiveCfg = Release|Any CPU
		{91881141-78FF-4131-AB5B-A97A66173DDC}.Release|Any CPU.Build.0 = Release|Any CPU
		{91881141-78FF-4131-AB5B-A97A66173DDC}.Release|ARM.ActiveCfg = Release|Any CPU
		{91881141-78FF-4131-AB5B-A97A66173DDC}.Release|ARM.Build.0 = Release|Any CPU
		{91881141-78FF-4131-AB5B-A97A66173DDC}.Release|x64.ActiveCfg = Release|Any CPU
		{91881141-78FF-4131-AB5B-A97A66173DDC}.Release|x64.Build.0 = Release|Any CPU
		{91881141-78FF-4131-AB5B-A97A66173DDC}.Release|x86.ActiveCfg = Release|Any CPU
		{91881141-78FF-4131-AB5B-A97A66173DDC}.Release|x86.Build.0 = Release|Any CPU
	EndGlobalSection
	GlobalSection(SolutionProperties) = preSolution
		HideSolutionNode = FALSE
	EndGlobalSection
	GlobalSection(ExtensibilityGlobals) = postSolution
		VisualSVNWorkingCopyRoot = .
	EndGlobalSection
EndGlobal
